
Microsoft Visual Studio Solution File, Format Version 12.00
# Visual Studio Version 17
VisualStudioVersion = 17.10.34916.146
MinimumVisualStudioVersion = 10.0.40219.1
Project("{FAE04EC0-301F-11D3-BF4B-00C04F79EFBC}") = "FlightBooking.Server", "FlightBooking.Server\FlightBooking.Server.csproj", "{0D014549-B580-4259-B547-9ED0D42BDD03}"
EndProject
Project("{54A90642-561A-4BB1-A94E-469ADEE60C69}") = "flightbooking.client", "flightbooking.client\flightbooking.client.esproj", "{56F4EC37-BED5-41ED-B6D6-A2B70ED6FEEE}"
EndProject
Global
	GlobalSection(SolutionConfigurationPlatforms) = preSolution
		Debug|Any CPU = Debug|Any CPU
		Release|Any CPU = Release|Any CPU
	EndGlobalSection
	GlobalSection(ProjectConfigurationPlatforms) = postSolution
		{0D014549-B580-4259-B547-9ED0D42BDD03}.Debug|Any CPU.ActiveCfg = Debug|Any CPU
		{0D014549-B580-4259-B547-9ED0D42BDD03}.Debug|Any CPU.Build.0 = Debug|Any CPU
		{0D014549-B580-4259-B547-9ED0D42BDD03}.Release|Any CPU.ActiveCfg = Release|Any CPU
		{0D014549-B580-4259-B547-9ED0D42BDD03}.Release|Any CPU.Build.0 = Release|Any CPU
		{56F4EC37-BED5-41ED-B6D6-A2B70ED6FEEE}.Debug|Any CPU.ActiveCfg = Debug|Any CPU
		{56F4EC37-BED5-41ED-B6D6-A2B70ED6FEEE}.Debug|Any CPU.Build.0 = Debug|Any CPU
		{56F4EC37-BED5-41ED-B6D6-A2B70ED6FEEE}.Debug|Any CPU.Deploy.0 = Debug|Any CPU
		{56F4EC37-BED5-41ED-B6D6-A2B70ED6FEEE}.Release|Any CPU.ActiveCfg = Release|Any CPU
		{56F4EC37-BED5-41ED-B6D6-A2B70ED6FEEE}.Release|Any CPU.Build.0 = Release|Any CPU
		{56F4EC37-BED5-41ED-B6D6-A2B70ED6FEEE}.Release|Any CPU.Deploy.0 = Release|Any CPU
	EndGlobalSection
	GlobalSection(SolutionProperties) = preSolution
		HideSolutionNode = FALSE
	EndGlobalSection
	GlobalSection(ExtensibilityGlobals) = postSolution
		SolutionGuid = {297D5835-B66B-4DC9-9098-5D143BC040E2}
	EndGlobalSection
EndGlobal
