
Microsoft Visual Studio Solution File, Format Version 12.00
# Visual Studio Version 17
VisualStudioVersion = 17.10.34916.146
MinimumVisualStudioVersion = 10.0.40219.1
Project("{9A19103F-16F7-4668-BE54-9A1E7A4F7556}") = "FlightBooking.Server", "FlightBooking.Server\FlightBooking.Server.csproj", "{0D014549-B580-4259-B547-9ED0D42BDD03}"
EndProject
Project("{54A90642-561A-4BB1-A94E-469ADEE60C69}") = "flightbooking.client", "flightbooking.client\flightbooking.client.esproj", "{56F4EC37-BED5-41ED-B6D6-A2B70ED6FEEE}"
EndProject
Project("{8BC9CEB8-8B4A-11D0-8D11-00A0C91BC942}") = "GeoCalculator", "GeoCalculator\GeoCalculator.vcxproj", "{D220CFA1-0E86-49C8-B32E-9A7D2EC67996}"
EndProject
Global
	GlobalSection(SolutionConfigurationPlatforms) = preSolution
		Debug|Any CPU = Debug|Any CPU
		Debug|x64 = Debug|x64
		Debug|x86 = Debug|x86
		Release|Any CPU = Release|Any CPU
		Release|x64 = Release|x64
		Release|x86 = Release|x86
	EndGlobalSection
	GlobalSection(ProjectConfigurationPlatforms) = postSolution
		{0D014549-B580-4259-B547-9ED0D42BDD03}.Debug|Any CPU.ActiveCfg = Debug|Any CPU
		{0D014549-B580-4259-B547-9ED0D42BDD03}.Debug|Any CPU.Build.0 = Debug|Any CPU
		{0D014549-B580-4259-B547-9ED0D42BDD03}.Debug|x64.ActiveCfg = Debug|Any CPU
		{0D014549-B580-4259-B547-9ED0D42BDD03}.Debug|x64.Build.0 = Debug|Any CPU
		{0D014549-B580-4259-B547-9ED0D42BDD03}.Debug|x86.ActiveCfg = Debug|Any CPU
		{0D014549-B580-4259-B547-9ED0D42BDD03}.Debug|x86.Build.0 = Debug|Any CPU
		{0D014549-B580-4259-B547-9ED0D42BDD03}.Release|Any CPU.ActiveCfg = Release|Any CPU
		{0D014549-B580-4259-B547-9ED0D42BDD03}.Release|Any CPU.Build.0 = Release|Any CPU
		{0D014549-B580-4259-B547-9ED0D42BDD03}.Release|x64.ActiveCfg = Release|Any CPU
		{0D014549-B580-4259-B547-9ED0D42BDD03}.Release|x64.Build.0 = Release|Any CPU
		{0D014549-B580-4259-B547-9ED0D42BDD03}.Release|x86.ActiveCfg = Release|Any CPU
		{0D014549-B580-4259-B547-9ED0D42BDD03}.Release|x86.Build.0 = Release|Any CPU
		{56F4EC37-BED5-41ED-B6D6-A2B70ED6FEEE}.Debug|Any CPU.ActiveCfg = Debug|Any CPU
		{56F4EC37-BED5-41ED-B6D6-A2B70ED6FEEE}.Debug|Any CPU.Build.0 = Debug|Any CPU
		{56F4EC37-BED5-41ED-B6D6-A2B70ED6FEEE}.Debug|Any CPU.Deploy.0 = Debug|Any CPU
		{56F4EC37-BED5-41ED-B6D6-A2B70ED6FEEE}.Debug|x64.ActiveCfg = Debug|Any CPU
		{56F4EC37-BED5-41ED-B6D6-A2B70ED6FEEE}.Debug|x64.Build.0 = Debug|Any CPU
		{56F4EC37-BED5-41ED-B6D6-A2B70ED6FEEE}.Debug|x64.Deploy.0 = Debug|Any CPU
		{56F4EC37-BED5-41ED-B6D6-A2B70ED6FEEE}.Debug|x86.ActiveCfg = Debug|Any CPU
		{56F4EC37-BED5-41ED-B6D6-A2B70ED6FEEE}.Debug|x86.Build.0 = Debug|Any CPU
		{56F4EC37-BED5-41ED-B6D6-A2B70ED6FEEE}.Debug|x86.Deploy.0 = Debug|Any CPU
		{56F4EC37-BED5-41ED-B6D6-A2B70ED6FEEE}.Release|Any CPU.ActiveCfg = Release|Any CPU
		{56F4EC37-BED5-41ED-B6D6-A2B70ED6FEEE}.Release|Any CPU.Build.0 = Release|Any CPU
		{56F4EC37-BED5-41ED-B6D6-A2B70ED6FEEE}.Release|Any CPU.Deploy.0 = Release|Any CPU
		{56F4EC37-BED5-41ED-B6D6-A2B70ED6FEEE}.Release|x64.ActiveCfg = Release|Any CPU
		{56F4EC37-BED5-41ED-B6D6-A2B70ED6FEEE}.Release|x64.Build.0 = Release|Any CPU
		{56F4EC37-BED5-41ED-B6D6-A2B70ED6FEEE}.Release|x64.Deploy.0 = Release|Any CPU
		{56F4EC37-BED5-41ED-B6D6-A2B70ED6FEEE}.Release|x86.ActiveCfg = Release|Any CPU
		{56F4EC37-BED5-41ED-B6D6-A2B70ED6FEEE}.Release|x86.Build.0 = Release|Any CPU
		{56F4EC37-BED5-41ED-B6D6-A2B70ED6FEEE}.Release|x86.Deploy.0 = Release|Any CPU
		{D220CFA1-0E86-49C8-B32E-9A7D2EC67996}.Debug|Any CPU.ActiveCfg = Debug|x64
		{D220CFA1-0E86-49C8-B32E-9A7D2EC67996}.Debug|Any CPU.Build.0 = Debug|x64
		{D220CFA1-0E86-49C8-B32E-9A7D2EC67996}.Debug|x64.ActiveCfg = Debug|x64
		{D220CFA1-0E86-49C8-B32E-9A7D2EC67996}.Debug|x64.Build.0 = Debug|x64
		{D220CFA1-0E86-49C8-B32E-9A7D2EC67996}.Debug|x86.ActiveCfg = Debug|Win32
		{D220CFA1-0E86-49C8-B32E-9A7D2EC67996}.Debug|x86.Build.0 = Debug|Win32
		{D220CFA1-0E86-49C8-B32E-9A7D2EC67996}.Release|Any CPU.ActiveCfg = Release|x64
		{D220CFA1-0E86-49C8-B32E-9A7D2EC67996}.Release|Any CPU.Build.0 = Release|x64
		{D220CFA1-0E86-49C8-B32E-9A7D2EC67996}.Release|x64.ActiveCfg = Release|x64
		{D220CFA1-0E86-49C8-B32E-9A7D2EC67996}.Release|x64.Build.0 = Release|x64
		{D220CFA1-0E86-49C8-B32E-9A7D2EC67996}.Release|x86.ActiveCfg = Release|Win32
		{D220CFA1-0E86-49C8-B32E-9A7D2EC67996}.Release|x86.Build.0 = Release|Win32
	EndGlobalSection
	GlobalSection(SolutionProperties) = preSolution
		HideSolutionNode = FALSE
	EndGlobalSection
	GlobalSection(ExtensibilityGlobals) = postSolution
		SolutionGuid = {297D5835-B66B-4DC9-9098-5D143BC040E2}
	EndGlobalSection
EndGlobal
